
Microsoft Visual Studio Solution File, Format Version 12.00
# Visual Studio Version 17
VisualStudioVersion = 17.4.33213.308
MinimumVisualStudioVersion = 10.0.40219.1
Project("{FAE04EC0-301F-11D3-BF4B-00C04F79EFBC}") = "PokemonWeb", "PokemonWeb.csproj", "{A3751E47-2494-4DD9-A830-D31B4B47A566}"
EndProject
Global
	GlobalSection(SolutionConfigurationPlatforms) = preSolution
		Debug|Any CPU = Debug|Any CPU
		Release|Any CPU = Release|Any CPU
	EndGlobalSection
	GlobalSection(ProjectConfigurationPlatforms) = postSolution
		{A3751E47-2494-4DD9-A830-D31B4B47A566}.Debug|Any CPU.ActiveCfg = Debug|Any CPU
		{A3751E47-2494-4DD9-A830-D31B4B47A566}.Debug|Any CPU.Build.0 = Debug|Any CPU
		{A3751E47-2494-4DD9-A830-D31B4B47A566}.Release|Any CPU.ActiveCfg = Release|Any CPU
		{A3751E47-2494-4DD9-A830-D31B4B47A566}.Release|Any CPU.Build.0 = Release|Any CPU
	EndGlobalSection
	GlobalSection(SolutionProperties) = preSolution
		HideSolutionNode = FALSE
	EndGlobalSection
	GlobalSection(ExtensibilityGlobals) = postSolution
		SolutionGuid = {BB1F6EA6-3DCF-43EF-B517-3844CDE6E3B4}
	EndGlobalSection
EndGlobal
